
Microsoft Visual Studio Solution File, Format Version 12.00
# Visual Studio Version 17
VisualStudioVersion = 17.11.35312.102
MinimumVisualStudioVersion = 10.0.40219.1
Project("{FAE04EC0-301F-11D3-BF4B-00C04F79EFBC}") = "WinFormsApp1", "WinFormsApp1.csproj", "{7344CB5D-5A2C-445A-8874-BD234CDE32A6}"
EndProject
Global
	GlobalSection(SolutionConfigurationPlatforms) = preSolution
		Debug|Any CPU = Debug|Any CPU
		Release|Any CPU = Release|Any CPU
	EndGlobalSection
	GlobalSection(ProjectConfigurationPlatforms) = postSolution
		{7344CB5D-5A2C-445A-8874-BD234CDE32A6}.Debug|Any CPU.ActiveCfg = Debug|Any CPU
		{7344CB5D-5A2C-445A-8874-BD234CDE32A6}.Debug|Any CPU.Build.0 = Debug|Any CPU
		{7344CB5D-5A2C-445A-8874-BD234CDE32A6}.Release|Any CPU.ActiveCfg = Release|Any CPU
		{7344CB5D-5A2C-445A-8874-BD234CDE32A6}.Release|Any CPU.Build.0 = Release|Any CPU
	EndGlobalSection
	GlobalSection(SolutionProperties) = preSolution
		HideSolutionNode = FALSE
	EndGlobalSection
	GlobalSection(ExtensibilityGlobals) = postSolution
		SolutionGuid = {CE2CACDC-E4F5-42D6-8063-AF04E3AD54C0}
	EndGlobalSection
EndGlobal
